// !$*UTF8*$!
{
	archiveVersion = 1;
	classes = {
	};
	objectVersion = 46;
	objects = {

/* Begin PBXBuildFile section */
		B7BF76001CA5293700BD42C8 /* AppDelegate.swift in Sources */ = {isa = PBXBuildFile; fileRef = B7BF75FF1CA5293700BD42C8 /* AppDelegate.swift */; };
		B7BF76021CA5293700BD42C8 /* ViewController.swift in Sources */ = {isa = PBXBuildFile; fileRef = B7BF76011CA5293700BD42C8 /* ViewController.swift */; };
		B7BF76051CA5293700BD42C8 /* Main.storyboard in Resources */ = {isa = PBXBuildFile; fileRef = B7BF76031CA5293700BD42C8 /* Main.storyboard */; };
		B7BF76071CA5293700BD42C8 /* Assets.xcassets in Resources */ = {isa = PBXBuildFile; fileRef = B7BF76061CA5293700BD42C8 /* Assets.xcassets */; };
		B7BF760A1CA5293700BD42C8 /* LaunchScreen.storyboard in Resources */ = {isa = PBXBuildFile; fileRef = B7BF76081CA5293700BD42C8 /* LaunchScreen.storyboard */; };
		B7BF76151CA5293700BD42C8 /* BestAnglerTests.swift in Sources */ = {isa = PBXBuildFile; fileRef = B7BF76141CA5293700BD42C8 /* BestAnglerTests.swift */; };
		B7BF76201CA5293700BD42C8 /* BestAnglerUITests.swift in Sources */ = {isa = PBXBuildFile; fileRef = B7BF761F1CA5293700BD42C8 /* BestAnglerUITests.swift */; };
		B7BF762E1CA54E0700BD42C8 /* Image.swift in Sources */ = {isa = PBXBuildFile; fileRef = B7BF762D1CA54E0700BD42C8 /* Image.swift */; };
/* End PBXBuildFile section */

/* Begin PBXContainerItemProxy section */
		B7BF76111CA5293700BD42C8 /* PBXContainerItemProxy */ = {
			isa = PBXContainerItemProxy;
			containerPortal = B7BF75F41CA5293700BD42C8 /* Project object */;
			proxyType = 1;
			remoteGlobalIDString = B7BF75FB1CA5293700BD42C8;
			remoteInfo = BestAngler;
		};
		B7BF761C1CA5293700BD42C8 /* PBXContainerItemProxy */ = {
			isa = PBXContainerItemProxy;
			containerPortal = B7BF75F41CA5293700BD42C8 /* Project object */;
			proxyType = 1;
			remoteGlobalIDString = B7BF75FB1CA5293700BD42C8;
			remoteInfo = BestAngler;
		};
/* End PBXContainerItemProxy section */

/* Begin PBXFileReference section */
		B7BF75FC1CA5293700BD42C8 /* BestAngler.app */ = {isa = PBXFileReference; explicitFileType = wrapper.application; includeInIndex = 0; path = BestAngler.app; sourceTree = BUILT_PRODUCTS_DIR; };
		B7BF75FF1CA5293700BD42C8 /* AppDelegate.swift */ = {isa = PBXFileReference; lastKnownFileType = sourcecode.swift; path = AppDelegate.swift; sourceTree = "<group>"; };
		B7BF76011CA5293700BD42C8 /* ViewController.swift */ = {isa = PBXFileReference; lastKnownFileType = sourcecode.swift; path = ViewController.swift; sourceTree = "<group>"; };
		B7BF76041CA5293700BD42C8 /* Base */ = {isa = PBXFileReference; lastKnownFileType = file.storyboard; name = Base; path = Base.lproj/Main.storyboard; sourceTree = "<group>"; };
		B7BF76061CA5293700BD42C8 /* Assets.xcassets */ = {isa = PBXFileReference; lastKnownFileType = folder.assetcatalog; path = Assets.xcassets; sourceTree = "<group>"; };
		B7BF76091CA5293700BD42C8 /* Base */ = {isa = PBXFileReference; lastKnownFileType = file.storyboard; name = Base; path = Base.lproj/LaunchScreen.storyboard; sourceTree = "<group>"; };
		B7BF760B1CA5293700BD42C8 /* Info.plist */ = {isa = PBXFileReference; lastKnownFileType = text.plist.xml; path = Info.plist; sourceTree = "<group>"; };
		B7BF76101CA5293700BD42C8 /* BestAnglerTests.xctest */ = {isa = PBXFileReference; explicitFileType = wrapper.cfbundle; includeInIndex = 0; path = BestAnglerTests.xctest; sourceTree = BUILT_PRODUCTS_DIR; };
		B7BF76141CA5293700BD42C8 /* BestAnglerTests.swift */ = {isa = PBXFileReference; lastKnownFileType = sourcecode.swift; path = BestAnglerTests.swift; sourceTree = "<group>"; };
		B7BF76161CA5293700BD42C8 /* Info.plist */ = {isa = PBXFileReference; lastKnownFileType = text.plist.xml; path = Info.plist; sourceTree = "<group>"; };
		B7BF761B1CA5293700BD42C8 /* BestAnglerUITests.xctest */ = {isa = PBXFileReference; explicitFileType = wrapper.cfbundle; includeInIndex = 0; path = BestAnglerUITests.xctest; sourceTree = BUILT_PRODUCTS_DIR; };
		B7BF761F1CA5293700BD42C8 /* BestAnglerUITests.swift */ = {isa = PBXFileReference; lastKnownFileType = sourcecode.swift; path = BestAnglerUITests.swift; sourceTree = "<group>"; };
		B7BF76211CA5293700BD42C8 /* Info.plist */ = {isa = PBXFileReference; lastKnownFileType = text.plist.xml; path = Info.plist; sourceTree = "<group>"; };
		B7BF762D1CA54E0700BD42C8 /* Image.swift */ = {isa = PBXFileReference; fileEncoding = 4; lastKnownFileType = sourcecode.swift; path = Image.swift; sourceTree = "<group>"; };
/* End PBXFileReference section */

/* Begin PBXFrameworksBuildPhase section */
		B7BF75F91CA5293700BD42C8 /* Frameworks */ = {
			isa = PBXFrameworksBuildPhase;
			buildActionMask = 2147483647;
			files = (
			);
			runOnlyForDeploymentPostprocessing = 0;
		};
		B7BF760D1CA5293700BD42C8 /* Frameworks */ = {
			isa = PBXFrameworksBuildPhase;
			buildActionMask = 2147483647;
			files = (
			);
			runOnlyForDeploymentPostprocessing = 0;
		};
		B7BF76181CA5293700BD42C8 /* Frameworks */ = {
			isa = PBXFrameworksBuildPhase;
			buildActionMask = 2147483647;
			files = (
			);
			runOnlyForDeploymentPostprocessing = 0;
		};
/* End PBXFrameworksBuildPhase section */

/* Begin PBXGroup section */
		B7BF75F31CA5293700BD42C8 = {
			isa = PBXGroup;
			children = (
				B7BF75FE1CA5293700BD42C8 /* BestAngler */,
				B7BF76131CA5293700BD42C8 /* BestAnglerTests */,
				B7BF761E1CA5293700BD42C8 /* BestAnglerUITests */,
				B7BF75FD1CA5293700BD42C8 /* Products */,
			);
			sourceTree = "<group>";
		};
		B7BF75FD1CA5293700BD42C8 /* Products */ = {
			isa = PBXGroup;
			children = (
				B7BF75FC1CA5293700BD42C8 /* BestAngler.app */,
				B7BF76101CA5293700BD42C8 /* BestAnglerTests.xctest */,
				B7BF761B1CA5293700BD42C8 /* BestAnglerUITests.xctest */,
			);
			name = Products;
			sourceTree = "<group>";
		};
		B7BF75FE1CA5293700BD42C8 /* BestAngler */ = {
			isa = PBXGroup;
			children = (
				B7BF75FF1CA5293700BD42C8 /* AppDelegate.swift */,
				B7BF76011CA5293700BD42C8 /* ViewController.swift */,
				B7BF762D1CA54E0700BD42C8 /* Image.swift */,
				B7BF76031CA5293700BD42C8 /* Main.storyboard */,
				B7BF76061CA5293700BD42C8 /* Assets.xcassets */,
				B7BF76081CA5293700BD42C8 /* LaunchScreen.storyboard */,
				B7BF760B1CA5293700BD42C8 /* Info.plist */,
			);
			path = BestAngler;
			sourceTree = "<group>";
		};
		B7BF76131CA5293700BD42C8 /* BestAnglerTests */ = {
			isa = PBXGroup;
			children = (
				B7BF76141CA5293700BD42C8 /* BestAnglerTests.swift */,
				B7BF76161CA5293700BD42C8 /* Info.plist */,
			);
			path = BestAnglerTests;
			sourceTree = "<group>";
		};
		B7BF761E1CA5293700BD42C8 /* BestAnglerUITests */ = {
			isa = PBXGroup;
			children = (
				B7BF761F1CA5293700BD42C8 /* BestAnglerUITests.swift */,
				B7BF76211CA5293700BD42C8 /* Info.plist */,
			);
			path = BestAnglerUITests;
			sourceTree = "<group>";
		};
/* End PBXGroup section */

/* Begin PBXNativeTarget section */
		B7BF75FB1CA5293700BD42C8 /* BestAngler */ = {
			isa = PBXNativeTarget;
			buildConfigurationList = B7BF76241CA5293700BD42C8 /* Build configuration list for PBXNativeTarget "BestAngler" */;
			buildPhases = (
				B7BF75F81CA5293700BD42C8 /* Sources */,
				B7BF75F91CA5293700BD42C8 /* Frameworks */,
				B7BF75FA1CA5293700BD42C8 /* Resources */,
			);
			buildRules = (
			);
			dependencies = (
			);
			name = BestAngler;
			productName = BestAngler;
			productReference = B7BF75FC1CA5293700BD42C8 /* BestAngler.app */;
			productType = "com.apple.product-type.application";
		};
		B7BF760F1CA5293700BD42C8 /* BestAnglerTests */ = {
			isa = PBXNativeTarget;
			buildConfigurationList = B7BF76271CA5293700BD42C8 /* Build configuration list for PBXNativeTarget "BestAnglerTests" */;
			buildPhases = (
				B7BF760C1CA5293700BD42C8 /* Sources */,
				B7BF760D1CA5293700BD42C8 /* Frameworks */,
				B7BF760E1CA5293700BD42C8 /* Resources */,
			);
			buildRules = (
			);
			dependencies = (
				B7BF76121CA5293700BD42C8 /* PBXTargetDependency */,
			);
			name = BestAnglerTests;
			productName = BestAnglerTests;
			productReference = B7BF76101CA5293700BD42C8 /* BestAnglerTests.xctest */;
			productType = "com.apple.product-type.bundle.unit-test";
		};
		B7BF761A1CA5293700BD42C8 /* BestAnglerUITests */ = {
			isa = PBXNativeTarget;
			buildConfigurationList = B7BF762A1CA5293700BD42C8 /* Build configuration list for PBXNativeTarget "BestAnglerUITests" */;
			buildPhases = (
				B7BF76171CA5293700BD42C8 /* Sources */,
				B7BF76181CA5293700BD42C8 /* Frameworks */,
				B7BF76191CA5293700BD42C8 /* Resources */,
			);
			buildRules = (
			);
			dependencies = (
				B7BF761D1CA5293700BD42C8 /* PBXTargetDependency */,
			);
			name = BestAnglerUITests;
			productName = BestAnglerUITests;
			productReference = B7BF761B1CA5293700BD42C8 /* BestAnglerUITests.xctest */;
			productType = "com.apple.product-type.bundle.ui-testing";
		};
/* End PBXNativeTarget section */

/* Begin PBXProject section */
		B7BF75F41CA5293700BD42C8 /* Project object */ = {
			isa = PBXProject;
			attributes = {
				LastSwiftUpdateCheck = 0720;
				LastUpgradeCheck = 0720;
				ORGANIZATIONNAME = "澤井聖也";
				TargetAttributes = {
					B7BF75FB1CA5293700BD42C8 = {
						CreatedOnToolsVersion = 7.2.1;
						DevelopmentTeam = 882MTU5N5N;
					};
					B7BF760F1CA5293700BD42C8 = {
						CreatedOnToolsVersion = 7.2.1;
						TestTargetID = B7BF75FB1CA5293700BD42C8;
					};
					B7BF761A1CA5293700BD42C8 = {
						CreatedOnToolsVersion = 7.2.1;
						TestTargetID = B7BF75FB1CA5293700BD42C8;
					};
				};
			};
			buildConfigurationList = B7BF75F71CA5293700BD42C8 /* Build configuration list for PBXProject "BestAngler" */;
			compatibilityVersion = "Xcode 3.2";
			developmentRegion = English;
			hasScannedForEncodings = 0;
			knownRegions = (
				en,
				Base,
			);
			mainGroup = B7BF75F31CA5293700BD42C8;
			productRefGroup = B7BF75FD1CA5293700BD42C8 /* Products */;
			projectDirPath = "";
			projectRoot = "";
			targets = (
				B7BF75FB1CA5293700BD42C8 /* BestAngler */,
				B7BF760F1CA5293700BD42C8 /* BestAnglerTests */,
				B7BF761A1CA5293700BD42C8 /* BestAnglerUITests */,
			);
		};
/* End PBXProject section */

/* Begin PBXResourcesBuildPhase section */
		B7BF75FA1CA5293700BD42C8 /* Resources */ = {
			isa = PBXResourcesBuildPhase;
			buildActionMask = 2147483647;
			files = (
				B7BF760A1CA5293700BD42C8 /* LaunchScreen.storyboard in Resources */,
				B7BF76071CA5293700BD42C8 /* Assets.xcassets in Resources */,
				B7BF76051CA5293700BD42C8 /* Main.storyboard in Resources */,
			);
			runOnlyForDeploymentPostprocessing = 0;
		};
		B7BF760E1CA5293700BD42C8 /* Resources */ = {
			isa = PBXResourcesBuildPhase;
			buildActionMask = 2147483647;
			files = (
			);
			runOnlyForDeploymentPostprocessing = 0;
		};
		B7BF76191CA5293700BD42C8 /* Resources */ = {
			isa = PBXResourcesBuildPhase;
			buildActionMask = 2147483647;
			files = (
			);
			runOnlyForDeploymentPostprocessing = 0;
		};
/* End PBXResourcesBuildPhase section */

/* Begin PBXSourcesBuildPhase section */
		B7BF75F81CA5293700BD42C8 /* Sources */ = {
			isa = PBXSourcesBuildPhase;
			buildActionMask = 2147483647;
			files = (
				B7BF76021CA5293700BD42C8 /* ViewController.swift in Sources */,
				B7BF762E1CA54E0700BD42C8 /* Image.swift in Sources */,
				B7BF76001CA5293700BD42C8 /* AppDelegate.swift in Sources */,
			);
			runOnlyForDeploymentPostprocessing = 0;
		};
		B7BF760C1CA5293700BD42C8 /* Sources */ = {
			isa = PBXSourcesBuildPhase;
			buildActionMask = 2147483647;
			files = (
				B7BF76151CA5293700BD42C8 /* BestAnglerTests.swift in Sources */,
			);
			runOnlyForDeploymentPostprocessing = 0;
		};
		B7BF76171CA5293700BD42C8 /* Sources */ = {
			isa = PBXSourcesBuildPhase;
			buildActionMask = 2147483647;
			files = (
				B7BF76201CA5293700BD42C8 /* BestAnglerUITests.swift in Sources */,
			);
			runOnlyForDeploymentPostprocessing = 0;
		};
/* End PBXSourcesBuildPhase section */

/* Begin PBXTargetDependency section */
		B7BF76121CA5293700BD42C8 /* PBXTargetDependency */ = {
			isa = PBXTargetDependency;
			target = B7BF75FB1CA5293700BD42C8 /* BestAngler */;
			targetProxy = B7BF76111CA5293700BD42C8 /* PBXContainerItemProxy */;
		};
		B7BF761D1CA5293700BD42C8 /* PBXTargetDependency */ = {
			isa = PBXTargetDependency;
			target = B7BF75FB1CA5293700BD42C8 /* BestAngler */;
			targetProxy = B7BF761C1CA5293700BD42C8 /* PBXContainerItemProxy */;
		};
/* End PBXTargetDependency section */

/* Begin PBXVariantGroup section */
		B7BF76031CA5293700BD42C8 /* Main.storyboard */ = {
			isa = PBXVariantGroup;
			children = (
				B7BF76041CA5293700BD42C8 /* Base */,
			);
			name = Main.storyboard;
			sourceTree = "<group>";
		};
		B7BF76081CA5293700BD42C8 /* LaunchScreen.storyboard */ = {
			isa = PBXVariantGroup;
			children = (
				B7BF76091CA5293700BD42C8 /* Base */,
			);
			name = LaunchScreen.storyboard;
			sourceTree = "<group>";
		};
/* End PBXVariantGroup section */

/* Begin XCBuildConfiguration section */
		B7BF76221CA5293700BD42C8 /* Debug */ = {
			isa = XCBuildConfiguration;
			buildSettings = {
				ALWAYS_SEARCH_USER_PATHS = NO;
				CLANG_CXX_LANGUAGE_STANDARD = "gnu++0x";
				CLANG_CXX_LIBRARY = "libc++";
				CLANG_ENABLE_MODULES = YES;
				CLANG_ENABLE_OBJC_ARC = YES;
				CLANG_WARN_BOOL_CONVERSION = YES;
				CLANG_WARN_CONSTANT_CONVERSION = YES;
				CLANG_WARN_DIRECT_OBJC_ISA_USAGE = YES_ERROR;
				CLANG_WARN_EMPTY_BODY = YES;
				CLANG_WARN_ENUM_CONVERSION = YES;
				CLANG_WARN_INT_CONVERSION = YES;
				CLANG_WARN_OBJC_ROOT_CLASS = YES_ERROR;
				CLANG_WARN_UNREACHABLE_CODE = YES;
				CLANG_WARN__DUPLICATE_METHOD_MATCH = YES;
				"CODE_SIGN_IDENTITY[sdk=iphoneos*]" = "iPhone Developer";
				COPY_PHASE_STRIP = NO;
				DEBUG_INFORMATION_FORMAT = dwarf;
				ENABLE_STRICT_OBJC_MSGSEND = YES;
				ENABLE_TESTABILITY = YES;
				GCC_C_LANGUAGE_STANDARD = gnu99;
				GCC_DYNAMIC_NO_PIC = NO;
				GCC_NO_COMMON_BLOCKS = YES;
				GCC_OPTIMIZATION_LEVEL = 0;
				GCC_PREPROCESSOR_DEFINITIONS = (
					"DEBUG=1",
					"$(inherited)",
				);
				GCC_WARN_64_TO_32_BIT_CONVERSION = YES;
				GCC_WARN_ABOUT_RETURN_TYPE = YES_ERROR;
				GCC_WARN_UNDECLARED_SELECTOR = YES;
				GCC_WARN_UNINITIALIZED_AUTOS = YES_AGGRESSIVE;
				GCC_WARN_UNUSED_FUNCTION = YES;
				GCC_WARN_UNUSED_VARIABLE = YES;
				IPHONEOS_DEPLOYMENT_TARGET = 9.2;
				MTL_ENABLE_DEBUG_INFO = YES;
				ONLY_ACTIVE_ARCH = YES;
				SDKROOT = iphoneos;
				SWIFT_OPTIMIZATION_LEVEL = "-Onone";
			};
			name = Debug;
		};
		B7BF76231CA5293700BD42C8 /* Release */ = {
			isa = XCBuildConfiguration;
			buildSettings = {
				ALWAYS_SEARCH_USER_PATHS = NO;
				CLANG_CXX_LANGUAGE_STANDARD = "gnu++0x";
				CLANG_CXX_LIBRARY = "libc++";
				CLANG_ENABLE_MODULES = YES;
				CLANG_ENABLE_OBJC_ARC = YES;
				CLANG_WARN_BOOL_CONVERSION = YES;
				CLANG_WARN_CONSTANT_CONVERSION = YES;
				CLANG_WARN_DIRECT_OBJC_ISA_USAGE = YES_ERROR;
				CLANG_WARN_EMPTY_BODY = YES;
				CLANG_WARN_ENUM_CONVERSION = YES;
				CLANG_WARN_INT_CONVERSION = YES;
				CLANG_WARN_OBJC_ROOT_CLASS = YES_ERROR;
				CLANG_WARN_UNREACHABLE_CODE = YES;
				CLANG_WARN__DUPLICATE_METHOD_MATCH = YES;
				"CODE_SIGN_IDENTITY[sdk=iphoneos*]" = "iPhone Developer";
				COPY_PHASE_STRIP = NO;
				DEBUG_INFORMATION_FORMAT = "dwarf-with-dsym";
				ENABLE_NS_ASSERTIONS = NO;
				ENABLE_STRICT_OBJC_MSGSEND = YES;
				GCC_C_LANGUAGE_STANDARD = gnu99;
				GCC_NO_COMMON_BLOCKS = YES;
				GCC_WARN_64_TO_32_BIT_CONVERSION = YES;
				GCC_WARN_ABOUT_RETURN_TYPE = YES_ERROR;
				GCC_WARN_UNDECLARED_SELECTOR = YES;
				GCC_WARN_UNINITIALIZED_AUTOS = YES_AGGRESSIVE;
				GCC_WARN_UNUSED_FUNCTION = YES;
				GCC_WARN_UNUSED_VARIABLE = YES;
				IPHONEOS_DEPLOYMENT_TARGET = 9.2;
				MTL_ENABLE_DEBUG_INFO = NO;
				SDKROOT = iphoneos;
				VALIDATE_PRODUCT = YES;
			};
			name = Release;
		};
		B7BF76251CA5293700BD42C8 /* Debug */ = {
			isa = XCBuildConfiguration;
			buildSettings = {
				ASSETCATALOG_COMPILER_APPICON_NAME = AppIcon;
				CODE_SIGN_IDENTITY = "iPhone Developer";
				INFOPLIST_FILE = BestAngler/Info.plist;
				IPHONEOS_DEPLOYMENT_TARGET = 9.2;
				LD_RUNPATH_SEARCH_PATHS = "$(inherited) @executable_path/Frameworks";
				PRODUCT_BUNDLE_IDENTIFIER = com.seiya.BestAngler;
				PRODUCT_NAME = "$(TARGET_NAME)";
			};
			name = Debug;
		};
		B7BF76261CA5293700BD42C8 /* Release */ = {
			isa = XCBuildConfiguration;
			buildSettings = {
				ASSETCATALOG_COMPILER_APPICON_NAME = AppIcon;
				CODE_SIGN_IDENTITY = "iPhone Developer";
				INFOPLIST_FILE = BestAngler/Info.plist;
				IPHONEOS_DEPLOYMENT_TARGET = 9.2;
				LD_RUNPATH_SEARCH_PATHS = "$(inherited) @executable_path/Frameworks";
				PRODUCT_BUNDLE_IDENTIFIER = com.seiya.BestAngler;
				PRODUCT_NAME = "$(TARGET_NAME)";
			};
			name = Release;
		};
		B7BF76281CA5293700BD42C8 /* Debug */ = {
			isa = XCBuildConfiguration;
			buildSettings = {
				BUNDLE_LOADER = "$(TEST_HOST)";
				INFOPLIST_FILE = BestAnglerTests/Info.plist;
				LD_RUNPATH_SEARCH_PATHS = "$(inherited) @executable_path/Frameworks @loader_path/Frameworks";
				PRODUCT_BUNDLE_IDENTIFIER = com.seiya.BestAnglerTests;
				PRODUCT_NAME = "$(TARGET_NAME)";
				TEST_HOST = "$(BUILT_PRODUCTS_DIR)/BestAngler.app/BestAngler";
			};
			name = Debug;
		};
		B7BF76291CA5293700BD42C8 /* Release */ = {
			isa = XCBuildConfiguration;
			buildSettings = {
				BUNDLE_LOADER = "$(TEST_HOST)";
				INFOPLIST_FILE = BestAnglerTests/Info.plist;
				LD_RUNPATH_SEARCH_PATHS = "$(inherited) @executable_path/Frameworks @loader_path/Frameworks";
				PRODUCT_BUNDLE_IDENTIFIER = com.seiya.BestAnglerTests;
				PRODUCT_NAME = "$(TARGET_NAME)";
				TEST_HOST = "$(BUILT_PRODUCTS_DIR)/BestAngler.app/BestAngler";
			};
			name = Release;
		};
		B7BF762B1CA5293700BD42C8 /* Debug */ = {
			isa = XCBuildConfiguration;
			buildSettings = {
				INFOPLIST_FILE = BestAnglerUITests/Info.plist;
				LD_RUNPATH_SEARCH_PATHS = "$(inherited) @executable_path/Frameworks @loader_path/Frameworks";
				PRODUCT_BUNDLE_IDENTIFIER = com.seiya.BestAnglerUITests;
				PRODUCT_NAME = "$(TARGET_NAME)";
				TEST_TARGET_NAME = BestAngler;
				USES_XCTRUNNER = YES;
			};
			name = Debug;
		};
		B7BF762C1CA5293700BD42C8 /* Release */ = {
			isa = XCBuildConfiguration;
			buildSettings = {
				INFOPLIST_FILE = BestAnglerUITests/Info.plist;
				LD_RUNPATH_SEARCH_PATHS = "$(inherited) @executable_path/Frameworks @loader_path/Frameworks";
				PRODUCT_BUNDLE_IDENTIFIER = com.seiya.BestAnglerUITests;
				PRODUCT_NAME = "$(TARGET_NAME)";
				TEST_TARGET_NAME = BestAngler;
				USES_XCTRUNNER = YES;
			};
			name = Release;
		};
/* End XCBuildConfiguration section */

/* Begin XCConfigurationList section */
		B7BF75F71CA5293700BD42C8 /* Build configuration list for PBXProject "BestAngler" */ = {
			isa = XCConfigurationList;
			buildConfigurations = (
				B7BF76221CA5293700BD42C8 /* Debug */,
				B7BF76231CA5293700BD42C8 /* Release */,
			);
			defaultConfigurationIsVisible = 0;
			defaultConfigurationName = Release;
		};
		B7BF76241CA5293700BD42C8 /* Build configuration list for PBXNativeTarget "BestAngler" */ = {
			isa = XCConfigurationList;
			buildConfigurations = (
				B7BF76251CA5293700BD42C8 /* Debug */,
				B7BF76261CA5293700BD42C8 /* Release */,
			);
			defaultConfigurationIsVisible = 0;
		};
		B7BF76271CA5293700BD42C8 /* Build configuration list for PBXNativeTarget "BestAnglerTests" */ = {
			isa = XCConfigurationList;
			buildConfigurations = (
				B7BF76281CA5293700BD42C8 /* Debug */,
				B7BF76291CA5293700BD42C8 /* Release */,
			);
			defaultConfigurationIsVisible = 0;
		};
		B7BF762A1CA5293700BD42C8 /* Build configuration list for PBXNativeTarget "BestAnglerUITests" */ = {
			isa = XCConfigurationList;
			buildConfigurations = (
				B7BF762B1CA5293700BD42C8 /* Debug */,
				B7BF762C1CA5293700BD42C8 /* Release */,
			);
			defaultConfigurationIsVisible = 0;
		};
/* End XCConfigurationList section */
	};
	rootObject = B7BF75F41CA5293700BD42C8 /* Project object */;
}
